
Microsoft Visual Studio Solution File, Format Version 12.00
# Visual Studio Version 17
VisualStudioVersion = 17.6.33815.320
MinimumVisualStudioVersion = 10.0.40219.1
Project("{FAE04EC0-301F-11D3-BF4B-00C04F79EFBC}") = "Recursion", "Recursion\Recursion.csproj", "{CE78BD95-0265-4A31-A259-08614197EBC7}"
EndProject
Global
	GlobalSection(SolutionConfigurationPlatforms) = preSolution
		Debug|Any CPU = Debug|Any CPU
		Release|Any CPU = Release|Any CPU
	EndGlobalSection
	GlobalSection(ProjectConfigurationPlatforms) = postSolution
		{CE78BD95-0265-4A31-A259-08614197EBC7}.Debug|Any CPU.ActiveCfg = Debug|Any CPU
		{CE78BD95-0265-4A31-A259-08614197EBC7}.Debug|Any CPU.Build.0 = Debug|Any CPU
		{CE78BD95-0265-4A31-A259-08614197EBC7}.Release|Any CPU.ActiveCfg = Release|Any CPU
		{CE78BD95-0265-4A31-A259-08614197EBC7}.Release|Any CPU.Build.0 = Release|Any CPU
	EndGlobalSection
	GlobalSection(SolutionProperties) = preSolution
		HideSolutionNode = FALSE
	EndGlobalSection
	GlobalSection(ExtensibilityGlobals) = postSolution
		SolutionGuid = {F02D7D1A-A8A5-4B67-A15D-1DF79A7CFF39}
	EndGlobalSection
EndGlobal
