
Microsoft Visual Studio Solution File, Format Version 12.00
# Visual Studio Version 17
VisualStudioVersion = 17.6.33815.320
MinimumVisualStudioVersion = 10.0.40219.1
Project("{FAE04EC0-301F-11D3-BF4B-00C04F79EFBC}") = "Selection  Sort", "Selection  Sort\Selection  Sort.csproj", "{FC26CF43-BDDC-4E72-8A0A-E2C93613A20D}"
EndProject
Global
	GlobalSection(SolutionConfigurationPlatforms) = preSolution
		Debug|Any CPU = Debug|Any CPU
		Release|Any CPU = Release|Any CPU
	EndGlobalSection
	GlobalSection(ProjectConfigurationPlatforms) = postSolution
		{FC26CF43-BDDC-4E72-8A0A-E2C93613A20D}.Debug|Any CPU.ActiveCfg = Debug|Any CPU
		{FC26CF43-BDDC-4E72-8A0A-E2C93613A20D}.Debug|Any CPU.Build.0 = Debug|Any CPU
		{FC26CF43-BDDC-4E72-8A0A-E2C93613A20D}.Release|Any CPU.ActiveCfg = Release|Any CPU
		{FC26CF43-BDDC-4E72-8A0A-E2C93613A20D}.Release|Any CPU.Build.0 = Release|Any CPU
	EndGlobalSection
	GlobalSection(SolutionProperties) = preSolution
		HideSolutionNode = FALSE
	EndGlobalSection
	GlobalSection(ExtensibilityGlobals) = postSolution
		SolutionGuid = {6ECE4679-6208-4C66-B734-932BA8C7A134}
	EndGlobalSection
EndGlobal
