
Microsoft Visual Studio Solution File, Format Version 12.00
# Visual Studio Version 17
VisualStudioVersion = 17.6.33815.320
MinimumVisualStudioVersion = 10.0.40219.1
Project("{FAE04EC0-301F-11D3-BF4B-00C04F79EFBC}") = "Stacks", "Stacks\Stacks.csproj", "{783CD8D5-F034-4BBF-9614-C2EBB30A9275}"
EndProject
Global
	GlobalSection(SolutionConfigurationPlatforms) = preSolution
		Debug|Any CPU = Debug|Any CPU
		Release|Any CPU = Release|Any CPU
	EndGlobalSection
	GlobalSection(ProjectConfigurationPlatforms) = postSolution
		{783CD8D5-F034-4BBF-9614-C2EBB30A9275}.Debug|Any CPU.ActiveCfg = Debug|Any CPU
		{783CD8D5-F034-4BBF-9614-C2EBB30A9275}.Debug|Any CPU.Build.0 = Debug|Any CPU
		{783CD8D5-F034-4BBF-9614-C2EBB30A9275}.Release|Any CPU.ActiveCfg = Release|Any CPU
		{783CD8D5-F034-4BBF-9614-C2EBB30A9275}.Release|Any CPU.Build.0 = Release|Any CPU
	EndGlobalSection
	GlobalSection(SolutionProperties) = preSolution
		HideSolutionNode = FALSE
	EndGlobalSection
	GlobalSection(ExtensibilityGlobals) = postSolution
		SolutionGuid = {E20B2C0B-B2BD-457E-9381-AAFCA2D9FA35}
	EndGlobalSection
EndGlobal
